<?xml version="1.0" encoding="utf-8"?>
<Project ToolsVersion="4.0" xmlns="http://schemas.microsoft.com/developer/msbuild/2003">
  <ItemGroup>
    <Filter Include="src">
      <UniqueIdentifier>{140b14cb-e251-451a-bc09-80f99b9e0a2c}</UniqueIdentifier>
    </Filter>
    <Filter Include="shaders">
      <UniqueIdentifier>{fe38951b-ca3a-4583-918f-05c8396b469c}</UniqueIdentifier>
    </Filter>
    <Filter Include="graphics">
      <UniqueIdentifier>{73fd64e7-8ddf-43dd-a819-c8aa1d65ecdf}</UniqueIdentifier>
    </Filter>
    <Filter Include="graphics\models">
      <UniqueIdentifier>{78707e17-2f22-45a6-91aa-1a1155feb953}</UniqueIdentifier>
    </Filter>
    <Filter Include="memory">
      <UniqueIdentifier>{746f12b5-7750-443e-a1af-077cf158d44d}</UniqueIdentifier>
    </Filter>
    <Filter Include="backends">
      <UniqueIdentifier>{c11f0947-7a75-4bc7-8596-e7534fc936f6}</UniqueIdentifier>
    </Filter>
    <Filter Include="io">
      <UniqueIdentifier>{4ecf176b-bfbb-4fe8-a035-3d0e310863cf}</UniqueIdentifier>
    </Filter>
  </ItemGroup>
  <ItemGroup>
    <ClInclude Include="src\memory\FileSystem.h">
      <Filter>memory</Filter>
    </ClInclude>
    <ClInclude Include="src\memory\glMemory.hpp">
      <Filter>memory</Filter>
    </ClInclude>
    <ClInclude Include="src\memory\path.h">
      <Filter>memory</Filter>
    </ClInclude>
    <ClInclude Include="src\memory\ResourceManager.h">
      <Filter>memory</Filter>
    </ClInclude>
    <ClInclude Include="src\io\Joystick.h">
      <Filter>io</Filter>
    </ClInclude>
    <ClInclude Include="src\io\Keyboard.h">
      <Filter>io</Filter>
    </ClInclude>
    <ClInclude Include="src\io\Mouse.h">
      <Filter>io</Filter>
    </ClInclude>
    <ClInclude Include="src\graphics\Camera.h">
      <Filter>graphics</Filter>
    </ClInclude>
    <ClInclude Include="src\graphics\cubemap.h">
      <Filter>graphics</Filter>
    </ClInclude>
    <ClInclude Include="src\graphics\framebuffer.hpp">
      <Filter>graphics</Filter>
    </ClInclude>
    <ClInclude Include="src\graphics\light.hpp">
      <Filter>graphics</Filter>
    </ClInclude>
    <ClInclude Include="src\graphics\material.h">
      <Filter>graphics</Filter>
    </ClInclude>
    <ClInclude Include="src\graphics\mesh.h">
      <Filter>graphics</Filter>
    </ClInclude>
    <ClInclude Include="src\graphics\MeshData.h">
      <Filter>graphics</Filter>
    </ClInclude>
    <ClInclude Include="src\graphics\model.h">
      <Filter>graphics</Filter>
    </ClInclude>
    <ClInclude Include="src\graphics\scene.h">
      <Filter>graphics</Filter>
    </ClInclude>
    <ClInclude Include="src\graphics\screen.h">
      <Filter>graphics</Filter>
    </ClInclude>
    <ClInclude Include="src\graphics\Shader.h">
      <Filter>graphics</Filter>
    </ClInclude>
    <ClInclude Include="src\graphics\Texture.h">
      <Filter>graphics</Filter>
    </ClInclude>
    <ClInclude Include="src\graphics\models\cube.hpp">
      <Filter>graphics\models</Filter>
    </ClInclude>
    <ClInclude Include="src\graphics\models\lamp.hpp">
      <Filter>graphics\models</Filter>
    </ClInclude>
    <ClInclude Include="src\graphics\models\modelarray.hpp">
      <Filter>graphics\models</Filter>
    </ClInclude>
    <ClInclude Include="src\graphics\models\sphere.hpp">
      <Filter>graphics\models</Filter>
    </ClInclude>
    <ClInclude Include="src\backends\imgui_impl_glfw.h">
      <Filter>backends</Filter>
    </ClInclude>
    <ClInclude Include="src\backends\imgui_impl_opengl3.h">
      <Filter>backends</Filter>
    </ClInclude>
  </ItemGroup>
  <ItemGroup>
    <None Include="src\shaders\debugDepthQuad.frag">
      <Filter>shaders</Filter>
    </None>
    <None Include="src\shaders\debugDepthQuad.vert">
      <Filter>shaders</Filter>
    </None>
    <None Include="src\shaders\depthMap.frag">
      <Filter>shaders</Filter>
    </None>
    <None Include="src\shaders\depthMap.geom">
      <Filter>shaders</Filter>
    </None>
    <None Include="src\shaders\depthMap.vert">
      <Filter>shaders</Filter>
    </None>
    <None Include="src\shaders\FBO.frag">
      <Filter>shaders</Filter>
    </None>
    <None Include="src\shaders\FBO.vert">
      <Filter>shaders</Filter>
    </None>
    <None Include="src\shaders\lamp.frag">
      <Filter>shaders</Filter>
    </None>
    <None Include="src\shaders\object.frag">
      <Filter>shaders</Filter>
    </None>
    <None Include="src\shaders\object.vert">
      <Filter>shaders</Filter>
    </None>
    <None Include="src\shaders\skybox.frag">
      <Filter>shaders</Filter>
    </None>
    <None Include="src\shaders\skybox.vert">
      <Filter>shaders</Filter>
    </None>
    <None Include=".gitattributes" />
    <None Include=".gitignore" />
  </ItemGroup>
  <ItemGroup>
    <ClCompile Include="src\main.cpp">
      <Filter>src</Filter>
    </ClCompile>
    <ClCompile Include="src\memory\FileSystem.cpp">
      <Filter>memory</Filter>
    </ClCompile>
    <ClCompile Include="src\memory\path.cpp">
      <Filter>memory</Filter>
    </ClCompile>
    <ClCompile Include="src\memory\ResourceManager.cpp">
      <Filter>memory</Filter>
    </ClCompile>
    <ClCompile Include="src\io\Joystick.cpp">
      <Filter>io</Filter>
    </ClCompile>
    <ClCompile Include="src\io\Keyboard.cpp">
      <Filter>io</Filter>
    </ClCompile>
    <ClCompile Include="src\io\Mouse.cpp">
      <Filter>io</Filter>
    </ClCompile>
    <ClCompile Include="src\graphics\Camera.cpp">
      <Filter>graphics</Filter>
    </ClCompile>
    <ClCompile Include="src\graphics\cubemap.cpp">
      <Filter>graphics</Filter>
    </ClCompile>
    <ClCompile Include="src\graphics\material.cpp">
      <Filter>graphics</Filter>
    </ClCompile>
    <ClCompile Include="src\graphics\mesh.cpp">
      <Filter>graphics</Filter>
    </ClCompile>
    <ClCompile Include="src\graphics\MeshData.cpp">
      <Filter>graphics</Filter>
    </ClCompile>
    <ClCompile Include="src\graphics\model.cpp">
      <Filter>graphics</Filter>
    </ClCompile>
    <ClCompile Include="src\graphics\scene.cpp">
      <Filter>graphics</Filter>
    </ClCompile>
    <ClCompile Include="src\graphics\screen.cpp">
      <Filter>graphics</Filter>
    </ClCompile>
    <ClCompile Include="src\graphics\Shader.cpp">
      <Filter>graphics</Filter>
    </ClCompile>
    <ClCompile Include="src\graphics\Texture.cpp">
      <Filter>graphics</Filter>
    </ClCompile>
    <ClCompile Include="src\backends\imgui_impl_glfw.cpp">
      <Filter>backends</Filter>
    </ClCompile>
    <ClCompile Include="src\backends\imgui_impl_opengl3.cpp">
      <Filter>backends</Filter>
    </ClCompile>
  </ItemGroup>
</Project>